
Microsoft Visual Studio Solution File, Format Version 11.00
# Visual Studio 2010
Project("{FAE04EC0-301F-11D3-BF4B-00C04F79EFBC}") = "WaveManager", "WaveManager\WaveManager.csproj", "{D34D0AE6-24C4-49B0-BF31-D52A8B92BD01}"
EndProject
Project("{FAE04EC0-301F-11D3-BF4B-00C04F79EFBC}") = "WaveManagerUI", "WaveManagerUI\WaveManagerUI.csproj", "{96FD20E5-9924-4236-8BB3-9DF5E1E76C5F}"
EndProject
Project("{FAE04EC0-301F-11D3-BF4B-00C04F79EFBC}") = "WaveManagerBusiness", "WaveManagerBusiness\WaveManagerBusiness.csproj", "{83E28BA0-5B89-4DE6-8E82-669525479E86}"
EndProject
Project("{FAE04EC0-301F-11D3-BF4B-00C04F79EFBC}") = "WaveManagerDataContracts", "WaveDataContracts\WaveManagerDataContracts.csproj", "{EFB97426-33D7-4134-B846-3E3BAC1EFD36}"
EndProject
Project("{FAE04EC0-301F-11D3-BF4B-00C04F79EFBC}") = "WaveManagerTests", "WaveManagerTests\WaveManagerTests.csproj", "{FBBC0696-C542-4F01-ACA2-E9A720F067CC}"
EndProject
Global
	GlobalSection(SolutionConfigurationPlatforms) = preSolution
		Debug|Any CPU = Debug|Any CPU
		Debug|Mixed Platforms = Debug|Mixed Platforms
		Debug|x86 = Debug|x86
		Release|Any CPU = Release|Any CPU
		Release|Mixed Platforms = Release|Mixed Platforms
		Release|x86 = Release|x86
	EndGlobalSection
	GlobalSection(ProjectConfigurationPlatforms) = postSolution
		{D34D0AE6-24C4-49B0-BF31-D52A8B92BD01}.Debug|Any CPU.ActiveCfg = Debug|x86
		{D34D0AE6-24C4-49B0-BF31-D52A8B92BD01}.Debug|Mixed Platforms.ActiveCfg = Debug|x86
		{D34D0AE6-24C4-49B0-BF31-D52A8B92BD01}.Debug|Mixed Platforms.Build.0 = Debug|x86
		{D34D0AE6-24C4-49B0-BF31-D52A8B92BD01}.Debug|x86.ActiveCfg = Debug|x86
		{D34D0AE6-24C4-49B0-BF31-D52A8B92BD01}.Debug|x86.Build.0 = Debug|x86
		{D34D0AE6-24C4-49B0-BF31-D52A8B92BD01}.Release|Any CPU.ActiveCfg = Release|x86
		{D34D0AE6-24C4-49B0-BF31-D52A8B92BD01}.Release|Mixed Platforms.ActiveCfg = Release|x86
		{D34D0AE6-24C4-49B0-BF31-D52A8B92BD01}.Release|Mixed Platforms.Build.0 = Release|x86
		{D34D0AE6-24C4-49B0-BF31-D52A8B92BD01}.Release|x86.ActiveCfg = Release|x86
		{D34D0AE6-24C4-49B0-BF31-D52A8B92BD01}.Release|x86.Build.0 = Release|x86
		{96FD20E5-9924-4236-8BB3-9DF5E1E76C5F}.Debug|Any CPU.ActiveCfg = Debug|Any CPU
		{96FD20E5-9924-4236-8BB3-9DF5E1E76C5F}.Debug|Any CPU.Build.0 = Debug|Any CPU
		{96FD20E5-9924-4236-8BB3-9DF5E1E76C5F}.Debug|Mixed Platforms.ActiveCfg = Debug|Any CPU
		{96FD20E5-9924-4236-8BB3-9DF5E1E76C5F}.Debug|Mixed Platforms.Build.0 = Debug|Any CPU
		{96FD20E5-9924-4236-8BB3-9DF5E1E76C5F}.Debug|x86.ActiveCfg = Debug|Any CPU
		{96FD20E5-9924-4236-8BB3-9DF5E1E76C5F}.Release|Any CPU.ActiveCfg = Release|Any CPU
		{96FD20E5-9924-4236-8BB3-9DF5E1E76C5F}.Release|Any CPU.Build.0 = Release|Any CPU
		{96FD20E5-9924-4236-8BB3-9DF5E1E76C5F}.Release|Mixed Platforms.ActiveCfg = Release|Any CPU
		{96FD20E5-9924-4236-8BB3-9DF5E1E76C5F}.Release|Mixed Platforms.Build.0 = Release|Any CPU
		{96FD20E5-9924-4236-8BB3-9DF5E1E76C5F}.Release|x86.ActiveCfg = Release|Any CPU
		{83E28BA0-5B89-4DE6-8E82-669525479E86}.Debug|Any CPU.ActiveCfg = Debug|Any CPU
		{83E28BA0-5B89-4DE6-8E82-669525479E86}.Debug|Any CPU.Build.0 = Debug|Any CPU
		{83E28BA0-5B89-4DE6-8E82-669525479E86}.Debug|Mixed Platforms.ActiveCfg = Debug|Any CPU
		{83E28BA0-5B89-4DE6-8E82-669525479E86}.Debug|Mixed Platforms.Build.0 = Debug|Any CPU
		{83E28BA0-5B89-4DE6-8E82-669525479E86}.Debug|x86.ActiveCfg = Debug|Any CPU
		{83E28BA0-5B89-4DE6-8E82-669525479E86}.Release|Any CPU.ActiveCfg = Release|Any CPU
		{83E28BA0-5B89-4DE6-8E82-669525479E86}.Release|Any CPU.Build.0 = Release|Any CPU
		{83E28BA0-5B89-4DE6-8E82-669525479E86}.Release|Mixed Platforms.ActiveCfg = Release|Any CPU
		{83E28BA0-5B89-4DE6-8E82-669525479E86}.Release|Mixed Platforms.Build.0 = Release|Any CPU
		{83E28BA0-5B89-4DE6-8E82-669525479E86}.Release|x86.ActiveCfg = Release|Any CPU
		{EFB97426-33D7-4134-B846-3E3BAC1EFD36}.Debug|Any CPU.ActiveCfg = Debug|Any CPU
		{EFB97426-33D7-4134-B846-3E3BAC1EFD36}.Debug|Any CPU.Build.0 = Debug|Any CPU
		{EFB97426-33D7-4134-B846-3E3BAC1EFD36}.Debug|Mixed Platforms.ActiveCfg = Debug|Any CPU
		{EFB97426-33D7-4134-B846-3E3BAC1EFD36}.Debug|Mixed Platforms.Build.0 = Debug|Any CPU
		{EFB97426-33D7-4134-B846-3E3BAC1EFD36}.Debug|x86.ActiveCfg = Debug|Any CPU
		{EFB97426-33D7-4134-B846-3E3BAC1EFD36}.Release|Any CPU.ActiveCfg = Release|Any CPU
		{EFB97426-33D7-4134-B846-3E3BAC1EFD36}.Release|Any CPU.Build.0 = Release|Any CPU
		{EFB97426-33D7-4134-B846-3E3BAC1EFD36}.Release|Mixed Platforms.ActiveCfg = Release|Any CPU
		{EFB97426-33D7-4134-B846-3E3BAC1EFD36}.Release|Mixed Platforms.Build.0 = Release|Any CPU
		{EFB97426-33D7-4134-B846-3E3BAC1EFD36}.Release|x86.ActiveCfg = Release|Any CPU
		{FBBC0696-C542-4F01-ACA2-E9A720F067CC}.Debug|Any CPU.ActiveCfg = Debug|Any CPU
		{FBBC0696-C542-4F01-ACA2-E9A720F067CC}.Debug|Any CPU.Build.0 = Debug|Any CPU
		{FBBC0696-C542-4F01-ACA2-E9A720F067CC}.Debug|Mixed Platforms.ActiveCfg = Debug|Any CPU
		{FBBC0696-C542-4F01-ACA2-E9A720F067CC}.Debug|Mixed Platforms.Build.0 = Debug|Any CPU
		{FBBC0696-C542-4F01-ACA2-E9A720F067CC}.Debug|x86.ActiveCfg = Debug|Any CPU
		{FBBC0696-C542-4F01-ACA2-E9A720F067CC}.Release|Any CPU.ActiveCfg = Release|Any CPU
		{FBBC0696-C542-4F01-ACA2-E9A720F067CC}.Release|Any CPU.Build.0 = Release|Any CPU
		{FBBC0696-C542-4F01-ACA2-E9A720F067CC}.Release|Mixed Platforms.ActiveCfg = Release|Any CPU
		{FBBC0696-C542-4F01-ACA2-E9A720F067CC}.Release|Mixed Platforms.Build.0 = Release|Any CPU
		{FBBC0696-C542-4F01-ACA2-E9A720F067CC}.Release|x86.ActiveCfg = Release|Any CPU
	EndGlobalSection
	GlobalSection(SolutionProperties) = preSolution
		HideSolutionNode = FALSE
	EndGlobalSection
EndGlobal
